
Microsoft Visual Studio Solution File, Format Version 12.00
# Visual Studio Version 17
VisualStudioVersion = 17.8.34330.188
MinimumVisualStudioVersion = 10.0.40219.1
Project("{FAE04EC0-301F-11D3-BF4B-00C04F79EFBC}") = "AppStoreWeb", "AppStoreWeb\AppStoreWeb.csproj", "{011F543A-D121-4E7A-8C58-D6608FFF9604}"
EndProject
Global
	GlobalSection(SolutionConfigurationPlatforms) = preSolution
		Debug|Any CPU = Debug|Any CPU
		Release|Any CPU = Release|Any CPU
	EndGlobalSection
	GlobalSection(ProjectConfigurationPlatforms) = postSolution
		{011F543A-D121-4E7A-8C58-D6608FFF9604}.Debug|Any CPU.ActiveCfg = Debug|Any CPU
		{011F543A-D121-4E7A-8C58-D6608FFF9604}.Debug|Any CPU.Build.0 = Debug|Any CPU
		{011F543A-D121-4E7A-8C58-D6608FFF9604}.Release|Any CPU.ActiveCfg = Release|Any CPU
		{011F543A-D121-4E7A-8C58-D6608FFF9604}.Release|Any CPU.Build.0 = Release|Any CPU
	EndGlobalSection
	GlobalSection(SolutionProperties) = preSolution
		HideSolutionNode = FALSE
	EndGlobalSection
	GlobalSection(ExtensibilityGlobals) = postSolution
		SolutionGuid = {62E3FD35-6233-4689-8737-9D28A90A6D34}
	EndGlobalSection
EndGlobal
